
Microsoft Visual Studio Solution File, Format Version 12.00
# Visual Studio Version 16
VisualStudioVersion = 16.0.30717.126
MinimumVisualStudioVersion = 10.0.40219.1
Project("{FAE04EC0-301F-11D3-BF4B-00C04F79EFBC}") = "matchgame2", "matchgame2\matchgame2.csproj", "{E6E28DB1-E588-44BB-BAFC-D1CB942014E4}"
EndProject
Global
	GlobalSection(SolutionConfigurationPlatforms) = preSolution
		Debug|Any CPU = Debug|Any CPU
		Release|Any CPU = Release|Any CPU
	EndGlobalSection
	GlobalSection(ProjectConfigurationPlatforms) = postSolution
		{E6E28DB1-E588-44BB-BAFC-D1CB942014E4}.Debug|Any CPU.ActiveCfg = Debug|Any CPU
		{E6E28DB1-E588-44BB-BAFC-D1CB942014E4}.Debug|Any CPU.Build.0 = Debug|Any CPU
		{E6E28DB1-E588-44BB-BAFC-D1CB942014E4}.Release|Any CPU.ActiveCfg = Release|Any CPU
		{E6E28DB1-E588-44BB-BAFC-D1CB942014E4}.Release|Any CPU.Build.0 = Release|Any CPU
	EndGlobalSection
	GlobalSection(SolutionProperties) = preSolution
		HideSolutionNode = FALSE
	EndGlobalSection
	GlobalSection(ExtensibilityGlobals) = postSolution
		SolutionGuid = {CFD1DA2E-C59F-4EBB-A035-D17331729C5A}
	EndGlobalSection
EndGlobal
